
Microsoft Visual Studio Solution File, Format Version 12.00
# Visual Studio 2012
Project("{FAE04EC0-301F-11D3-BF4B-00C04F79EFBC}") = "PagerSlidingTabStripBindings", "PagerSlidingTabStripBindings\PagerSlidingTabStripBindings.csproj", "{1A830690-CC8A-4D7A-A1D4-B11EE6DD01C3}"
EndProject
Global
	GlobalSection(SolutionConfigurationPlatforms) = preSolution
		Debug|Any CPU = Debug|Any CPU
		Release|Any CPU = Release|Any CPU
	EndGlobalSection
	GlobalSection(ProjectConfigurationPlatforms) = postSolution
		{1A830690-CC8A-4D7A-A1D4-B11EE6DD01C3}.Debug|Any CPU.ActiveCfg = Debug|Any CPU
		{1A830690-CC8A-4D7A-A1D4-B11EE6DD01C3}.Debug|Any CPU.Build.0 = Debug|Any CPU
		{1A830690-CC8A-4D7A-A1D4-B11EE6DD01C3}.Release|Any CPU.ActiveCfg = Release|Any CPU
		{1A830690-CC8A-4D7A-A1D4-B11EE6DD01C3}.Release|Any CPU.Build.0 = Release|Any CPU
	EndGlobalSection
	GlobalSection(MonoDevelopProperties) = preSolution
		StartupItem = PagerSlidingTabStripBindings\PagerSlidingTabStripBindings.csproj
	EndGlobalSection
EndGlobal
